
Microsoft Visual Studio Solution File, Format Version 12.00
# Visual Studio Version 17
VisualStudioVersion = 17.0.31903.59
MinimumVisualStudioVersion = 10.0.40219.1
Project("{2150E333-8FDC-42A3-9474-1A3956D46DE8}") = "src", "src", "{827E0CD3-B72D-47B6-A68D-7590B98EB39B}"
EndProject
Project("{FAE04EC0-301F-11D3-BF4B-00C04F79EFBC}") = "Meetup.Api", "src\Meetup.Api\Meetup.Api.csproj", "{6366E38D-0046-4969-A6F8-9444FDD0F496}"
EndProject
Project("{FAE04EC0-301F-11D3-BF4B-00C04F79EFBC}") = "Meetup.Domain", "src\Meetup.Domain\Meetup.Domain.csproj", "{CD326C95-FC0C-4B2D-91E7-E6E0A4EB8A47}"
EndProject
Project("{FAE04EC0-301F-11D3-BF4B-00C04F79EFBC}") = "Meetup.Application", "src\Meetup.Application\Meetup.Application.csproj", "{E1983828-4B04-4328-843B-48B7DEA49D27}"
EndProject
Project("{FAE04EC0-301F-11D3-BF4B-00C04F79EFBC}") = "Meetup.Infrastructure", "src\Meetup.Infrastructure\Meetup.Infrastructure.csproj", "{4DD496B7-92F2-4FC5-B0CF-7178DFF0A2B8}"
EndProject
Project("{2150E333-8FDC-42A3-9474-1A3956D46DE8}") = "tests", "tests", "{0AB3BF05-4346-4AA6-1389-037BE0695223}"
EndProject
Project("{FAE04EC0-301F-11D3-BF4B-00C04F79EFBC}") = "Meetup.Api.Tests", "tests\Meetup.Api.Tests\Meetup.Api.Tests.csproj", "{C4712978-7175-4BA8-9D7B-50D58024643C}"
EndProject
Global
	GlobalSection(SolutionConfigurationPlatforms) = preSolution
		Debug|Any CPU = Debug|Any CPU
		Debug|x64 = Debug|x64
		Debug|x86 = Debug|x86
		Release|Any CPU = Release|Any CPU
		Release|x64 = Release|x64
		Release|x86 = Release|x86
	EndGlobalSection
	GlobalSection(ProjectConfigurationPlatforms) = postSolution
		{6366E38D-0046-4969-A6F8-9444FDD0F496}.Debug|Any CPU.ActiveCfg = Debug|Any CPU
		{6366E38D-0046-4969-A6F8-9444FDD0F496}.Debug|Any CPU.Build.0 = Debug|Any CPU
		{6366E38D-0046-4969-A6F8-9444FDD0F496}.Debug|x64.ActiveCfg = Debug|Any CPU
		{6366E38D-0046-4969-A6F8-9444FDD0F496}.Debug|x64.Build.0 = Debug|Any CPU
		{6366E38D-0046-4969-A6F8-9444FDD0F496}.Debug|x86.ActiveCfg = Debug|Any CPU
		{6366E38D-0046-4969-A6F8-9444FDD0F496}.Debug|x86.Build.0 = Debug|Any CPU
		{6366E38D-0046-4969-A6F8-9444FDD0F496}.Release|Any CPU.ActiveCfg = Release|Any CPU
		{6366E38D-0046-4969-A6F8-9444FDD0F496}.Release|Any CPU.Build.0 = Release|Any CPU
		{6366E38D-0046-4969-A6F8-9444FDD0F496}.Release|x64.ActiveCfg = Release|Any CPU
		{6366E38D-0046-4969-A6F8-9444FDD0F496}.Release|x64.Build.0 = Release|Any CPU
		{6366E38D-0046-4969-A6F8-9444FDD0F496}.Release|x86.ActiveCfg = Release|Any CPU
		{6366E38D-0046-4969-A6F8-9444FDD0F496}.Release|x86.Build.0 = Release|Any CPU
		{CD326C95-FC0C-4B2D-91E7-E6E0A4EB8A47}.Debug|Any CPU.ActiveCfg = Debug|Any CPU
		{CD326C95-FC0C-4B2D-91E7-E6E0A4EB8A47}.Debug|Any CPU.Build.0 = Debug|Any CPU
		{CD326C95-FC0C-4B2D-91E7-E6E0A4EB8A47}.Debug|x64.ActiveCfg = Debug|Any CPU
		{CD326C95-FC0C-4B2D-91E7-E6E0A4EB8A47}.Debug|x64.Build.0 = Debug|Any CPU
		{CD326C95-FC0C-4B2D-91E7-E6E0A4EB8A47}.Debug|x86.ActiveCfg = Debug|Any CPU
		{CD326C95-FC0C-4B2D-91E7-E6E0A4EB8A47}.Debug|x86.Build.0 = Debug|Any CPU
		{CD326C95-FC0C-4B2D-91E7-E6E0A4EB8A47}.Release|Any CPU.ActiveCfg = Release|Any CPU
		{CD326C95-FC0C-4B2D-91E7-E6E0A4EB8A47}.Release|Any CPU.Build.0 = Release|Any CPU
		{CD326C95-FC0C-4B2D-91E7-E6E0A4EB8A47}.Release|x64.ActiveCfg = Release|Any CPU
		{CD326C95-FC0C-4B2D-91E7-E6E0A4EB8A47}.Release|x64.Build.0 = Release|Any CPU
		{CD326C95-FC0C-4B2D-91E7-E6E0A4EB8A47}.Release|x86.ActiveCfg = Release|Any CPU
		{CD326C95-FC0C-4B2D-91E7-E6E0A4EB8A47}.Release|x86.Build.0 = Release|Any CPU
		{E1983828-4B04-4328-843B-48B7DEA49D27}.Debug|Any CPU.ActiveCfg = Debug|Any CPU
		{E1983828-4B04-4328-843B-48B7DEA49D27}.Debug|Any CPU.Build.0 = Debug|Any CPU
		{E1983828-4B04-4328-843B-48B7DEA49D27}.Debug|x64.ActiveCfg = Debug|Any CPU
		{E1983828-4B04-4328-843B-48B7DEA49D27}.Debug|x64.Build.0 = Debug|Any CPU
		{E1983828-4B04-4328-843B-48B7DEA49D27}.Debug|x86.ActiveCfg = Debug|Any CPU
		{E1983828-4B04-4328-843B-48B7DEA49D27}.Debug|x86.Build.0 = Debug|Any CPU
		{E1983828-4B04-4328-843B-48B7DEA49D27}.Release|Any CPU.ActiveCfg = Release|Any CPU
		{E1983828-4B04-4328-843B-48B7DEA49D27}.Release|Any CPU.Build.0 = Release|Any CPU
		{E1983828-4B04-4328-843B-48B7DEA49D27}.Release|x64.ActiveCfg = Release|Any CPU
		{E1983828-4B04-4328-843B-48B7DEA49D27}.Release|x64.Build.0 = Release|Any CPU
		{E1983828-4B04-4328-843B-48B7DEA49D27}.Release|x86.ActiveCfg = Release|Any CPU
		{E1983828-4B04-4328-843B-48B7DEA49D27}.Release|x86.Build.0 = Release|Any CPU
		{4DD496B7-92F2-4FC5-B0CF-7178DFF0A2B8}.Debug|Any CPU.ActiveCfg = Debug|Any CPU
		{4DD496B7-92F2-4FC5-B0CF-7178DFF0A2B8}.Debug|Any CPU.Build.0 = Debug|Any CPU
		{4DD496B7-92F2-4FC5-B0CF-7178DFF0A2B8}.Debug|x64.ActiveCfg = Debug|Any CPU
		{4DD496B7-92F2-4FC5-B0CF-7178DFF0A2B8}.Debug|x64.Build.0 = Debug|Any CPU
		{4DD496B7-92F2-4FC5-B0CF-7178DFF0A2B8}.Debug|x86.ActiveCfg = Debug|Any CPU
		{4DD496B7-92F2-4FC5-B0CF-7178DFF0A2B8}.Debug|x86.Build.0 = Debug|Any CPU
		{4DD496B7-92F2-4FC5-B0CF-7178DFF0A2B8}.Release|Any CPU.ActiveCfg = Release|Any CPU
		{4DD496B7-92F2-4FC5-B0CF-7178DFF0A2B8}.Release|Any CPU.Build.0 = Release|Any CPU
		{4DD496B7-92F2-4FC5-B0CF-7178DFF0A2B8}.Release|x64.ActiveCfg = Release|Any CPU
		{4DD496B7-92F2-4FC5-B0CF-7178DFF0A2B8}.Release|x64.Build.0 = Release|Any CPU
		{4DD496B7-92F2-4FC5-B0CF-7178DFF0A2B8}.Release|x86.ActiveCfg = Release|Any CPU
		{4DD496B7-92F2-4FC5-B0CF-7178DFF0A2B8}.Release|x86.Build.0 = Release|Any CPU
		{C4712978-7175-4BA8-9D7B-50D58024643C}.Debug|Any CPU.ActiveCfg = Debug|Any CPU
		{C4712978-7175-4BA8-9D7B-50D58024643C}.Debug|Any CPU.Build.0 = Debug|Any CPU
		{C4712978-7175-4BA8-9D7B-50D58024643C}.Debug|x64.ActiveCfg = Debug|Any CPU
		{C4712978-7175-4BA8-9D7B-50D58024643C}.Debug|x64.Build.0 = Debug|Any CPU
		{C4712978-7175-4BA8-9D7B-50D58024643C}.Debug|x86.ActiveCfg = Debug|Any CPU
		{C4712978-7175-4BA8-9D7B-50D58024643C}.Debug|x86.Build.0 = Debug|Any CPU
		{C4712978-7175-4BA8-9D7B-50D58024643C}.Release|Any CPU.ActiveCfg = Release|Any CPU
		{C4712978-7175-4BA8-9D7B-50D58024643C}.Release|Any CPU.Build.0 = Release|Any CPU
		{C4712978-7175-4BA8-9D7B-50D58024643C}.Release|x64.ActiveCfg = Release|Any CPU
		{C4712978-7175-4BA8-9D7B-50D58024643C}.Release|x64.Build.0 = Release|Any CPU
		{C4712978-7175-4BA8-9D7B-50D58024643C}.Release|x86.ActiveCfg = Release|Any CPU
		{C4712978-7175-4BA8-9D7B-50D58024643C}.Release|x86.Build.0 = Release|Any CPU
	EndGlobalSection
	GlobalSection(SolutionProperties) = preSolution
		HideSolutionNode = FALSE
	EndGlobalSection
	GlobalSection(NestedProjects) = preSolution
		{6366E38D-0046-4969-A6F8-9444FDD0F496} = {827E0CD3-B72D-47B6-A68D-7590B98EB39B}
		{CD326C95-FC0C-4B2D-91E7-E6E0A4EB8A47} = {827E0CD3-B72D-47B6-A68D-7590B98EB39B}
		{E1983828-4B04-4328-843B-48B7DEA49D27} = {827E0CD3-B72D-47B6-A68D-7590B98EB39B}
		{4DD496B7-92F2-4FC5-B0CF-7178DFF0A2B8} = {827E0CD3-B72D-47B6-A68D-7590B98EB39B}
		{C4712978-7175-4BA8-9D7B-50D58024643C} = {0AB3BF05-4346-4AA6-1389-037BE0695223}
	EndGlobalSection
EndGlobal
